<?xml version="1.0" encoding="utf-8"?>
<Project ToolsVersion="4.0" xmlns="http://schemas.microsoft.com/developer/msbuild/2003">
  <ItemGroup>
    <Filter Include="include">
      <UniqueIdentifier>{618dce17-9815-44b1-ba45-0ea357386b50}</UniqueIdentifier>
    </Filter>
    <Filter Include="src">
      <UniqueIdentifier>{0b6f26a4-2ec9-4265-98e1-63994c4663a0}</UniqueIdentifier>
    </Filter>
  </ItemGroup>
  <ItemGroup>
    <ClInclude Include="..\..\3rdparty\zmq\include\zmq.h">
      <Filter>include</Filter>
    </ClInclude>
    <ClInclude Include="..\..\3rdparty\zmq\include\zmq_utils.h">
      <Filter>include</Filter>
    </ClInclude>
    <ClInclude Include="..\..\3rdparty\zmq\src\address.hpp">
      <Filter>src</Filter>
    </ClInclude>
    <ClInclude Include="..\..\3rdparty\zmq\src\array.hpp">
      <Filter>src</Filter>
    </ClInclude>
    <ClInclude Include="..\..\3rdparty\zmq\src\atomic_counter.hpp">
      <Filter>src</Filter>
    </ClInclude>
    <ClInclude Include="..\..\3rdparty\zmq\src\atomic_ptr.hpp">
      <Filter>src</Filter>
    </ClInclude>
    <ClInclude Include="..\..\3rdparty\zmq\src\blob.hpp">
      <Filter>src</Filter>
    </ClInclude>
    <ClInclude Include="..\..\3rdparty\zmq\src\clock.hpp">
      <Filter>src</Filter>
    </ClInclude>
    <ClInclude Include="..\..\3rdparty\zmq\src\command.hpp">
      <Filter>src</Filter>
    </ClInclude>
    <ClInclude Include="..\..\3rdparty\zmq\src\config.hpp">
      <Filter>src</Filter>
    </ClInclude>
    <ClInclude Include="..\..\3rdparty\zmq\src\ctx.hpp">
      <Filter>src</Filter>
    </ClInclude>
    <ClInclude Include="..\..\3rdparty\zmq\src\curve_client.hpp">
      <Filter>src</Filter>
    </ClInclude>
    <ClInclude Include="..\..\3rdparty\zmq\src\curve_server.hpp">
      <Filter>src</Filter>
    </ClInclude>
    <ClInclude Include="..\..\3rdparty\zmq\src\dbuffer.hpp">
      <Filter>src</Filter>
    </ClInclude>
    <ClInclude Include="..\..\3rdparty\zmq\src\dealer.hpp">
      <Filter>src</Filter>
    </ClInclude>
    <ClInclude Include="..\..\3rdparty\zmq\src\decoder.hpp">
      <Filter>src</Filter>
    </ClInclude>
    <ClInclude Include="..\..\3rdparty\zmq\src\devpoll.hpp">
      <Filter>src</Filter>
    </ClInclude>
    <ClInclude Include="..\..\3rdparty\zmq\src\dist.hpp">
      <Filter>src</Filter>
    </ClInclude>
    <ClInclude Include="..\..\3rdparty\zmq\src\encoder.hpp">
      <Filter>src</Filter>
    </ClInclude>
    <ClInclude Include="..\..\3rdparty\zmq\src\epoll.hpp">
      <Filter>src</Filter>
    </ClInclude>
    <ClInclude Include="..\..\3rdparty\zmq\src\err.hpp">
      <Filter>src</Filter>
    </ClInclude>
    <ClInclude Include="..\..\3rdparty\zmq\src\fd.hpp">
      <Filter>src</Filter>
    </ClInclude>
    <ClInclude Include="..\..\3rdparty\zmq\src\fq.hpp">
      <Filter>src</Filter>
    </ClInclude>
    <ClInclude Include="..\..\3rdparty\zmq\src\gssapi_client.hpp">
      <Filter>src</Filter>
    </ClInclude>
    <ClInclude Include="..\..\3rdparty\zmq\src\gssapi_mechanism_base.hpp">
      <Filter>src</Filter>
    </ClInclude>
    <ClInclude Include="..\..\3rdparty\zmq\src\gssapi_server.hpp">
      <Filter>src</Filter>
    </ClInclude>
    <ClInclude Include="..\..\3rdparty\zmq\src\i_decoder.hpp">
      <Filter>src</Filter>
    </ClInclude>
    <ClInclude Include="..\..\3rdparty\zmq\src\i_encoder.hpp">
      <Filter>src</Filter>
    </ClInclude>
    <ClInclude Include="..\..\3rdparty\zmq\src\i_engine.hpp">
      <Filter>src</Filter>
    </ClInclude>
    <ClInclude Include="..\..\3rdparty\zmq\src\i_poll_events.hpp">
      <Filter>src</Filter>
    </ClInclude>
    <ClInclude Include="..\..\3rdparty\zmq\src\io_object.hpp">
      <Filter>src</Filter>
    </ClInclude>
    <ClInclude Include="..\..\3rdparty\zmq\src\io_thread.hpp">
      <Filter>src</Filter>
    </ClInclude>
    <ClInclude Include="..\..\3rdparty\zmq\src\ip.hpp">
      <Filter>src</Filter>
    </ClInclude>
    <ClInclude Include="..\..\3rdparty\zmq\src\ipc_address.hpp">
      <Filter>src</Filter>
    </ClInclude>
    <ClInclude Include="..\..\3rdparty\zmq\src\ipc_connecter.hpp">
      <Filter>src</Filter>
    </ClInclude>
    <ClInclude Include="..\..\3rdparty\zmq\src\ipc_listener.hpp">
      <Filter>src</Filter>
    </ClInclude>
    <ClInclude Include="..\..\3rdparty\zmq\src\kqueue.hpp">
      <Filter>src</Filter>
    </ClInclude>
    <ClInclude Include="..\..\3rdparty\zmq\src\lb.hpp">
      <Filter>src</Filter>
    </ClInclude>
    <ClInclude Include="..\..\3rdparty\zmq\src\likely.hpp">
      <Filter>src</Filter>
    </ClInclude>
    <ClInclude Include="..\..\3rdparty\zmq\src\mailbox.hpp">
      <Filter>src</Filter>
    </ClInclude>
    <ClInclude Include="..\..\3rdparty\zmq\src\mechanism.hpp">
      <Filter>src</Filter>
    </ClInclude>
    <ClInclude Include="..\..\3rdparty\zmq\src\metadata.hpp">
      <Filter>src</Filter>
    </ClInclude>
    <ClInclude Include="..\..\3rdparty\zmq\src\msg.hpp">
      <Filter>src</Filter>
    </ClInclude>
    <ClInclude Include="..\..\3rdparty\zmq\src\mtrie.hpp">
      <Filter>src</Filter>
    </ClInclude>
    <ClInclude Include="..\..\3rdparty\zmq\src\mutex.hpp">
      <Filter>src</Filter>
    </ClInclude>
    <ClInclude Include="..\..\3rdparty\zmq\src\norm_engine.hpp">
      <Filter>src</Filter>
    </ClInclude>
    <ClInclude Include="..\..\3rdparty\zmq\src\null_mechanism.hpp">
      <Filter>src</Filter>
    </ClInclude>
    <ClInclude Include="..\..\3rdparty\zmq\src\object.hpp">
      <Filter>src</Filter>
    </ClInclude>
    <ClInclude Include="..\..\3rdparty\zmq\src\options.hpp">
      <Filter>src</Filter>
    </ClInclude>
    <ClInclude Include="..\..\3rdparty\zmq\src\own.hpp">
      <Filter>src</Filter>
    </ClInclude>
    <ClInclude Include="..\..\3rdparty\zmq\src\pair.hpp">
      <Filter>src</Filter>
    </ClInclude>
    <ClInclude Include="..\..\3rdparty\zmq\src\pgm_receiver.hpp">
      <Filter>src</Filter>
    </ClInclude>
    <ClInclude Include="..\..\3rdparty\zmq\src\pgm_sender.hpp">
      <Filter>src</Filter>
    </ClInclude>
    <ClInclude Include="..\..\3rdparty\zmq\src\pgm_socket.hpp">
      <Filter>src</Filter>
    </ClInclude>
    <ClInclude Include="..\..\3rdparty\zmq\src\pipe.hpp">
      <Filter>src</Filter>
    </ClInclude>
    <ClInclude Include="..\..\3rdparty\zmq\src\plain_client.hpp">
      <Filter>src</Filter>
    </ClInclude>
    <ClInclude Include="..\..\3rdparty\zmq\src\plain_server.hpp">
      <Filter>src</Filter>
    </ClInclude>
    <ClInclude Include="..\..\3rdparty\zmq\src\platform.hpp">
      <Filter>src</Filter>
    </ClInclude>
    <ClInclude Include="..\..\3rdparty\zmq\src\poll.hpp">
      <Filter>src</Filter>
    </ClInclude>
    <ClInclude Include="..\..\3rdparty\zmq\src\poller.hpp">
      <Filter>src</Filter>
    </ClInclude>
    <ClInclude Include="..\..\3rdparty\zmq\src\poller_base.hpp">
      <Filter>src</Filter>
    </ClInclude>
    <ClInclude Include="..\..\3rdparty\zmq\src\precompiled.hpp">
      <Filter>src</Filter>
    </ClInclude>
    <ClInclude Include="..\..\3rdparty\zmq\src\proxy.hpp">
      <Filter>src</Filter>
    </ClInclude>
    <ClInclude Include="..\..\3rdparty\zmq\src\pub.hpp">
      <Filter>src</Filter>
    </ClInclude>
    <ClInclude Include="..\..\3rdparty\zmq\src\pull.hpp">
      <Filter>src</Filter>
    </ClInclude>
    <ClInclude Include="..\..\3rdparty\zmq\src\push.hpp">
      <Filter>src</Filter>
    </ClInclude>
    <ClInclude Include="..\..\3rdparty\zmq\src\random.hpp">
      <Filter>src</Filter>
    </ClInclude>
    <ClInclude Include="..\..\3rdparty\zmq\src\raw_decoder.hpp">
      <Filter>src</Filter>
    </ClInclude>
    <ClInclude Include="..\..\3rdparty\zmq\src\raw_encoder.hpp">
      <Filter>src</Filter>
    </ClInclude>
    <ClInclude Include="..\..\3rdparty\zmq\src\reaper.hpp">
      <Filter>src</Filter>
    </ClInclude>
    <ClInclude Include="..\..\3rdparty\zmq\src\rep.hpp">
      <Filter>src</Filter>
    </ClInclude>
    <ClInclude Include="..\..\3rdparty\zmq\src\req.hpp">
      <Filter>src</Filter>
    </ClInclude>
    <ClInclude Include="..\..\3rdparty\zmq\src\router.hpp">
      <Filter>src</Filter>
    </ClInclude>
    <ClInclude Include="..\..\3rdparty\zmq\src\select.hpp">
      <Filter>src</Filter>
    </ClInclude>
    <ClInclude Include="..\..\3rdparty\zmq\src\session_base.hpp">
      <Filter>src</Filter>
    </ClInclude>
    <ClInclude Include="..\..\3rdparty\zmq\src\signaler.hpp">
      <Filter>src</Filter>
    </ClInclude>
    <ClInclude Include="..\..\3rdparty\zmq\src\socket_base.hpp">
      <Filter>src</Filter>
    </ClInclude>
    <ClInclude Include="..\..\3rdparty\zmq\src\socks.hpp">
      <Filter>src</Filter>
    </ClInclude>
    <ClInclude Include="..\..\3rdparty\zmq\src\socks_connecter.hpp">
      <Filter>src</Filter>
    </ClInclude>
    <ClInclude Include="..\..\3rdparty\zmq\src\stdint.hpp">
      <Filter>src</Filter>
    </ClInclude>
    <ClInclude Include="..\..\3rdparty\zmq\src\stream.hpp">
      <Filter>src</Filter>
    </ClInclude>
    <ClInclude Include="..\..\3rdparty\zmq\src\stream_engine.hpp">
      <Filter>src</Filter>
    </ClInclude>
    <ClInclude Include="..\..\3rdparty\zmq\src\sub.hpp">
      <Filter>src</Filter>
    </ClInclude>
    <ClInclude Include="..\..\3rdparty\zmq\src\tcp.hpp">
      <Filter>src</Filter>
    </ClInclude>
    <ClInclude Include="..\..\3rdparty\zmq\src\tcp_address.hpp">
      <Filter>src</Filter>
    </ClInclude>
    <ClInclude Include="..\..\3rdparty\zmq\src\tcp_connecter.hpp">
      <Filter>src</Filter>
    </ClInclude>
    <ClInclude Include="..\..\3rdparty\zmq\src\tcp_listener.hpp">
      <Filter>src</Filter>
    </ClInclude>
    <ClInclude Include="..\..\3rdparty\zmq\src\thread.hpp">
      <Filter>src</Filter>
    </ClInclude>
    <ClInclude Include="..\..\3rdparty\zmq\src\tipc_address.hpp">
      <Filter>src</Filter>
    </ClInclude>
    <ClInclude Include="..\..\3rdparty\zmq\src\tipc_connecter.hpp">
      <Filter>src</Filter>
    </ClInclude>
    <ClInclude Include="..\..\3rdparty\zmq\src\tipc_listener.hpp">
      <Filter>src</Filter>
    </ClInclude>
    <ClInclude Include="..\..\3rdparty\zmq\src\trie.hpp">
      <Filter>src</Filter>
    </ClInclude>
    <ClInclude Include="..\..\3rdparty\zmq\src\v1_decoder.hpp">
      <Filter>src</Filter>
    </ClInclude>
    <ClInclude Include="..\..\3rdparty\zmq\src\v1_encoder.hpp">
      <Filter>src</Filter>
    </ClInclude>
    <ClInclude Include="..\..\3rdparty\zmq\src\v2_decoder.hpp">
      <Filter>src</Filter>
    </ClInclude>
    <ClInclude Include="..\..\3rdparty\zmq\src\v2_encoder.hpp">
      <Filter>src</Filter>
    </ClInclude>
    <ClInclude Include="..\..\3rdparty\zmq\src\v2_protocol.hpp">
      <Filter>src</Filter>
    </ClInclude>
    <ClInclude Include="..\..\3rdparty\zmq\src\windows.hpp">
      <Filter>src</Filter>
    </ClInclude>
    <ClInclude Include="..\..\3rdparty\zmq\src\wire.hpp">
      <Filter>src</Filter>
    </ClInclude>
    <ClInclude Include="..\..\3rdparty\zmq\src\xpub.hpp">
      <Filter>src</Filter>
    </ClInclude>
    <ClInclude Include="..\..\3rdparty\zmq\src\xsub.hpp">
      <Filter>src</Filter>
    </ClInclude>
    <ClInclude Include="..\..\3rdparty\zmq\src\ypipe.hpp">
      <Filter>src</Filter>
    </ClInclude>
    <ClInclude Include="..\..\3rdparty\zmq\src\ypipe_base.hpp">
      <Filter>src</Filter>
    </ClInclude>
    <ClInclude Include="..\..\3rdparty\zmq\src\ypipe_conflate.hpp">
      <Filter>src</Filter>
    </ClInclude>
    <ClInclude Include="..\..\3rdparty\zmq\src\yqueue.hpp">
      <Filter>src</Filter>
    </ClInclude>
  </ItemGroup>
  <ItemGroup>
    <ClCompile Include="..\..\3rdparty\zmq\src\address.cpp">
      <Filter>src</Filter>
    </ClCompile>
    <ClCompile Include="..\..\3rdparty\zmq\src\clock.cpp">
      <Filter>src</Filter>
    </ClCompile>
    <ClCompile Include="..\..\3rdparty\zmq\src\ctx.cpp">
      <Filter>src</Filter>
    </ClCompile>
    <ClCompile Include="..\..\3rdparty\zmq\src\curve_client.cpp">
      <Filter>src</Filter>
    </ClCompile>
    <ClCompile Include="..\..\3rdparty\zmq\src\curve_server.cpp">
      <Filter>src</Filter>
    </ClCompile>
    <ClCompile Include="..\..\3rdparty\zmq\src\dealer.cpp">
      <Filter>src</Filter>
    </ClCompile>
    <ClCompile Include="..\..\3rdparty\zmq\src\devpoll.cpp">
      <Filter>src</Filter>
    </ClCompile>
    <ClCompile Include="..\..\3rdparty\zmq\src\dist.cpp">
      <Filter>src</Filter>
    </ClCompile>
    <ClCompile Include="..\..\3rdparty\zmq\src\epoll.cpp">
      <Filter>src</Filter>
    </ClCompile>
    <ClCompile Include="..\..\3rdparty\zmq\src\err.cpp">
      <Filter>src</Filter>
    </ClCompile>
    <ClCompile Include="..\..\3rdparty\zmq\src\fq.cpp">
      <Filter>src</Filter>
    </ClCompile>
    <ClCompile Include="..\..\3rdparty\zmq\src\gssapi_client.cpp">
      <Filter>src</Filter>
    </ClCompile>
    <ClCompile Include="..\..\3rdparty\zmq\src\gssapi_mechanism_base.cpp">
      <Filter>src</Filter>
    </ClCompile>
    <ClCompile Include="..\..\3rdparty\zmq\src\gssapi_server.cpp">
      <Filter>src</Filter>
    </ClCompile>
    <ClCompile Include="..\..\3rdparty\zmq\src\io_object.cpp">
      <Filter>src</Filter>
    </ClCompile>
    <ClCompile Include="..\..\3rdparty\zmq\src\io_thread.cpp">
      <Filter>src</Filter>
    </ClCompile>
    <ClCompile Include="..\..\3rdparty\zmq\src\ip.cpp">
      <Filter>src</Filter>
    </ClCompile>
    <ClCompile Include="..\..\3rdparty\zmq\src\ipc_address.cpp">
      <Filter>src</Filter>
    </ClCompile>
    <ClCompile Include="..\..\3rdparty\zmq\src\ipc_connecter.cpp">
      <Filter>src</Filter>
    </ClCompile>
    <ClCompile Include="..\..\3rdparty\zmq\src\ipc_listener.cpp">
      <Filter>src</Filter>
    </ClCompile>
    <ClCompile Include="..\..\3rdparty\zmq\src\kqueue.cpp">
      <Filter>src</Filter>
    </ClCompile>
    <ClCompile Include="..\..\3rdparty\zmq\src\lb.cpp">
      <Filter>src</Filter>
    </ClCompile>
    <ClCompile Include="..\..\3rdparty\zmq\src\mailbox.cpp">
      <Filter>src</Filter>
    </ClCompile>
    <ClCompile Include="..\..\3rdparty\zmq\src\mechanism.cpp">
      <Filter>src</Filter>
    </ClCompile>
    <ClCompile Include="..\..\3rdparty\zmq\src\metadata.cpp">
      <Filter>src</Filter>
    </ClCompile>
    <ClCompile Include="..\..\3rdparty\zmq\src\msg.cpp">
      <Filter>src</Filter>
    </ClCompile>
    <ClCompile Include="..\..\3rdparty\zmq\src\mtrie.cpp">
      <Filter>src</Filter>
    </ClCompile>
    <ClCompile Include="..\..\3rdparty\zmq\src\norm_engine.cpp">
      <Filter>src</Filter>
    </ClCompile>
    <ClCompile Include="..\..\3rdparty\zmq\src\null_mechanism.cpp">
      <Filter>src</Filter>
    </ClCompile>
    <ClCompile Include="..\..\3rdparty\zmq\src\object.cpp">
      <Filter>src</Filter>
    </ClCompile>
    <ClCompile Include="..\..\3rdparty\zmq\src\options.cpp">
      <Filter>src</Filter>
    </ClCompile>
    <ClCompile Include="..\..\3rdparty\zmq\src\own.cpp">
      <Filter>src</Filter>
    </ClCompile>
    <ClCompile Include="..\..\3rdparty\zmq\src\pair.cpp">
      <Filter>src</Filter>
    </ClCompile>
    <ClCompile Include="..\..\3rdparty\zmq\src\pgm_receiver.cpp">
      <Filter>src</Filter>
    </ClCompile>
    <ClCompile Include="..\..\3rdparty\zmq\src\pgm_sender.cpp">
      <Filter>src</Filter>
    </ClCompile>
    <ClCompile Include="..\..\3rdparty\zmq\src\pgm_socket.cpp">
      <Filter>src</Filter>
    </ClCompile>
    <ClCompile Include="..\..\3rdparty\zmq\src\pipe.cpp">
      <Filter>src</Filter>
    </ClCompile>
    <ClCompile Include="..\..\3rdparty\zmq\src\plain_client.cpp">
      <Filter>src</Filter>
    </ClCompile>
    <ClCompile Include="..\..\3rdparty\zmq\src\plain_server.cpp">
      <Filter>src</Filter>
    </ClCompile>
    <ClCompile Include="..\..\3rdparty\zmq\src\poll.cpp">
      <Filter>src</Filter>
    </ClCompile>
    <ClCompile Include="..\..\3rdparty\zmq\src\poller_base.cpp">
      <Filter>src</Filter>
    </ClCompile>
    <ClCompile Include="..\..\3rdparty\zmq\src\precompiled.cpp">
      <Filter>src</Filter>
    </ClCompile>
    <ClCompile Include="..\..\3rdparty\zmq\src\proxy.cpp">
      <Filter>src</Filter>
    </ClCompile>
    <ClCompile Include="..\..\3rdparty\zmq\src\pub.cpp">
      <Filter>src</Filter>
    </ClCompile>
    <ClCompile Include="..\..\3rdparty\zmq\src\pull.cpp">
      <Filter>src</Filter>
    </ClCompile>
    <ClCompile Include="..\..\3rdparty\zmq\src\push.cpp">
      <Filter>src</Filter>
    </ClCompile>
    <ClCompile Include="..\..\3rdparty\zmq\src\random.cpp">
      <Filter>src</Filter>
    </ClCompile>
    <ClCompile Include="..\..\3rdparty\zmq\src\raw_decoder.cpp">
      <Filter>src</Filter>
    </ClCompile>
    <ClCompile Include="..\..\3rdparty\zmq\src\raw_encoder.cpp">
      <Filter>src</Filter>
    </ClCompile>
    <ClCompile Include="..\..\3rdparty\zmq\src\reaper.cpp">
      <Filter>src</Filter>
    </ClCompile>
    <ClCompile Include="..\..\3rdparty\zmq\src\rep.cpp">
      <Filter>src</Filter>
    </ClCompile>
    <ClCompile Include="..\..\3rdparty\zmq\src\req.cpp">
      <Filter>src</Filter>
    </ClCompile>
    <ClCompile Include="..\..\3rdparty\zmq\src\router.cpp">
      <Filter>src</Filter>
    </ClCompile>
    <ClCompile Include="..\..\3rdparty\zmq\src\select.cpp">
      <Filter>src</Filter>
    </ClCompile>
    <ClCompile Include="..\..\3rdparty\zmq\src\session_base.cpp">
      <Filter>src</Filter>
    </ClCompile>
    <ClCompile Include="..\..\3rdparty\zmq\src\signaler.cpp">
      <Filter>src</Filter>
    </ClCompile>
    <ClCompile Include="..\..\3rdparty\zmq\src\socket_base.cpp">
      <Filter>src</Filter>
    </ClCompile>
    <ClCompile Include="..\..\3rdparty\zmq\src\socks.cpp">
      <Filter>src</Filter>
    </ClCompile>
    <ClCompile Include="..\..\3rdparty\zmq\src\socks_connecter.cpp">
      <Filter>src</Filter>
    </ClCompile>
    <ClCompile Include="..\..\3rdparty\zmq\src\stream.cpp">
      <Filter>src</Filter>
    </ClCompile>
    <ClCompile Include="..\..\3rdparty\zmq\src\stream_engine.cpp">
      <Filter>src</Filter>
    </ClCompile>
    <ClCompile Include="..\..\3rdparty\zmq\src\sub.cpp">
      <Filter>src</Filter>
    </ClCompile>
    <ClCompile Include="..\..\3rdparty\zmq\src\tcp.cpp">
      <Filter>src</Filter>
    </ClCompile>
    <ClCompile Include="..\..\3rdparty\zmq\src\tcp_address.cpp">
      <Filter>src</Filter>
    </ClCompile>
    <ClCompile Include="..\..\3rdparty\zmq\src\tcp_connecter.cpp">
      <Filter>src</Filter>
    </ClCompile>
    <ClCompile Include="..\..\3rdparty\zmq\src\tcp_listener.cpp">
      <Filter>src</Filter>
    </ClCompile>
    <ClCompile Include="..\..\3rdparty\zmq\src\thread.cpp">
      <Filter>src</Filter>
    </ClCompile>
    <ClCompile Include="..\..\3rdparty\zmq\src\tipc_address.cpp">
      <Filter>src</Filter>
    </ClCompile>
    <ClCompile Include="..\..\3rdparty\zmq\src\tipc_connecter.cpp">
      <Filter>src</Filter>
    </ClCompile>
    <ClCompile Include="..\..\3rdparty\zmq\src\tipc_listener.cpp">
      <Filter>src</Filter>
    </ClCompile>
    <ClCompile Include="..\..\3rdparty\zmq\src\trie.cpp">
      <Filter>src</Filter>
    </ClCompile>
    <ClCompile Include="..\..\3rdparty\zmq\src\v1_decoder.cpp">
      <Filter>src</Filter>
    </ClCompile>
    <ClCompile Include="..\..\3rdparty\zmq\src\v1_encoder.cpp">
      <Filter>src</Filter>
    </ClCompile>
    <ClCompile Include="..\..\3rdparty\zmq\src\v2_decoder.cpp">
      <Filter>src</Filter>
    </ClCompile>
    <ClCompile Include="..\..\3rdparty\zmq\src\v2_encoder.cpp">
      <Filter>src</Filter>
    </ClCompile>
    <ClCompile Include="..\..\3rdparty\zmq\src\xpub.cpp">
      <Filter>src</Filter>
    </ClCompile>
    <ClCompile Include="..\..\3rdparty\zmq\src\xsub.cpp">
      <Filter>src</Filter>
    </ClCompile>
    <ClCompile Include="..\..\3rdparty\zmq\src\zmq.cpp">
      <Filter>src</Filter>
    </ClCompile>
    <ClCompile Include="..\..\3rdparty\zmq\src\zmq_utils.cpp">
      <Filter>src</Filter>
    </ClCompile>
  </ItemGroup>
</Project>