
Microsoft Visual Studio Solution File, Format Version 12.00
# Visual Studio 2012
Project("{2150E333-8FDC-42A3-9474-1A3956D46DE8}") = "libs", "libs", "{28E32FA9-7F19-4DBF-B5C0-15B3EF96C6E7}"
EndProject
Project("{2150E333-8FDC-42A3-9474-1A3956D46DE8}") = "apps", "apps", "{DDB1892E-C4B5-4C32-9750-A13804E0A442}"
EndProject
Project("{8BC9CEB8-8B4A-11D0-8D11-00A0C91BC942}") = "libzmq", "libs\libzmq.vcxproj", "{A84498E1-51F2-4A08-AD5E-D44456627C8A}"
EndProject
Project("{8BC9CEB8-8B4A-11D0-8D11-00A0C91BC942}") = "bff_logger", "apps\bff_logger.vcxproj", "{5A208943-079E-4691-B7BF-3C445DE4BB9F}"
	ProjectSection(ProjectDependencies) = postProject
		{A84498E1-51F2-4A08-AD5E-D44456627C8A} = {A84498E1-51F2-4A08-AD5E-D44456627C8A}
		{74DD31FC-D8A0-49CB-97F8-322519E7DF71} = {74DD31FC-D8A0-49CB-97F8-322519E7DF71}
	EndProjectSection
EndProject
Project("{8BC9CEB8-8B4A-11D0-8D11-00A0C91BC942}") = "bff_common", "libs\bff_common.vcxproj", "{74DD31FC-D8A0-49CB-97F8-322519E7DF71}"
EndProject
Project("{8BC9CEB8-8B4A-11D0-8D11-00A0C91BC942}") = "bff_logtest", "apps\bff_logtest.vcxproj", "{2624C665-98FE-4910-B60F-D98ECF704041}"
	ProjectSection(ProjectDependencies) = postProject
		{A84498E1-51F2-4A08-AD5E-D44456627C8A} = {A84498E1-51F2-4A08-AD5E-D44456627C8A}
		{74DD31FC-D8A0-49CB-97F8-322519E7DF71} = {74DD31FC-D8A0-49CB-97F8-322519E7DF71}
	EndProjectSection
EndProject
Project("{8BC9CEB8-8B4A-11D0-8D11-00A0C91BC942}") = "bff_printargs", "apps\bff_printargs.vcxproj", "{43F618E0-13B1-4088-9DD3-B34E81DF6629}"
	ProjectSection(ProjectDependencies) = postProject
		{A84498E1-51F2-4A08-AD5E-D44456627C8A} = {A84498E1-51F2-4A08-AD5E-D44456627C8A}
		{74DD31FC-D8A0-49CB-97F8-322519E7DF71} = {74DD31FC-D8A0-49CB-97F8-322519E7DF71}
	EndProjectSection
EndProject
Project("{8BC9CEB8-8B4A-11D0-8D11-00A0C91BC942}") = "bff_printnull", "apps\bff_printnull.vcxproj", "{B4547066-064F-4ADA-A852-01BF11A01933}"
EndProject
Project("{2150E333-8FDC-42A3-9474-1A3956D46DE8}") = "01_logger", "01_logger", "{D36DFF13-3EFF-4576-8B67-6D1EBC511298}"
EndProject
Project("{2150E333-8FDC-42A3-9474-1A3956D46DE8}") = "02_bffgen", "02_bffgen", "{133A09D0-9B8F-407D-9982-E0042B98DEFB}"
EndProject
Project("{8BC9CEB8-8B4A-11D0-8D11-00A0C91BC942}") = "bff_convertor", "apps\bff_convertor.vcxproj", "{263ABB51-41FC-4BDF-A1AF-5117FE3B7253}"
	ProjectSection(ProjectDependencies) = postProject
		{A84498E1-51F2-4A08-AD5E-D44456627C8A} = {A84498E1-51F2-4A08-AD5E-D44456627C8A}
		{74DD31FC-D8A0-49CB-97F8-322519E7DF71} = {74DD31FC-D8A0-49CB-97F8-322519E7DF71}
	EndProjectSection
EndProject
Project("{8BC9CEB8-8B4A-11D0-8D11-00A0C91BC942}") = "bff_toolsethook", "apps\bff_toolsethook.vcxproj", "{09953496-3930-4434-97C6-CCC01F06978E}"
	ProjectSection(ProjectDependencies) = postProject
		{A84498E1-51F2-4A08-AD5E-D44456627C8A} = {A84498E1-51F2-4A08-AD5E-D44456627C8A}
		{74DD31FC-D8A0-49CB-97F8-322519E7DF71} = {74DD31FC-D8A0-49CB-97F8-322519E7DF71}
	EndProjectSection
EndProject
Global
	GlobalSection(SolutionConfigurationPlatforms) = preSolution
		Debug|Win32 = Debug|Win32
		Release|Win32 = Release|Win32
	EndGlobalSection
	GlobalSection(ProjectConfigurationPlatforms) = postSolution
		{A84498E1-51F2-4A08-AD5E-D44456627C8A}.Debug|Win32.ActiveCfg = Debug|Win32
		{A84498E1-51F2-4A08-AD5E-D44456627C8A}.Debug|Win32.Build.0 = Debug|Win32
		{A84498E1-51F2-4A08-AD5E-D44456627C8A}.Release|Win32.ActiveCfg = Release|Win32
		{A84498E1-51F2-4A08-AD5E-D44456627C8A}.Release|Win32.Build.0 = Release|Win32
		{5A208943-079E-4691-B7BF-3C445DE4BB9F}.Debug|Win32.ActiveCfg = Debug|Win32
		{5A208943-079E-4691-B7BF-3C445DE4BB9F}.Debug|Win32.Build.0 = Debug|Win32
		{5A208943-079E-4691-B7BF-3C445DE4BB9F}.Release|Win32.ActiveCfg = Release|Win32
		{5A208943-079E-4691-B7BF-3C445DE4BB9F}.Release|Win32.Build.0 = Release|Win32
		{74DD31FC-D8A0-49CB-97F8-322519E7DF71}.Debug|Win32.ActiveCfg = Debug|Win32
		{74DD31FC-D8A0-49CB-97F8-322519E7DF71}.Debug|Win32.Build.0 = Debug|Win32
		{74DD31FC-D8A0-49CB-97F8-322519E7DF71}.Release|Win32.ActiveCfg = Release|Win32
		{74DD31FC-D8A0-49CB-97F8-322519E7DF71}.Release|Win32.Build.0 = Release|Win32
		{2624C665-98FE-4910-B60F-D98ECF704041}.Debug|Win32.ActiveCfg = Debug|Win32
		{2624C665-98FE-4910-B60F-D98ECF704041}.Debug|Win32.Build.0 = Debug|Win32
		{2624C665-98FE-4910-B60F-D98ECF704041}.Release|Win32.ActiveCfg = Release|Win32
		{2624C665-98FE-4910-B60F-D98ECF704041}.Release|Win32.Build.0 = Release|Win32
		{43F618E0-13B1-4088-9DD3-B34E81DF6629}.Debug|Win32.ActiveCfg = Debug|Win32
		{43F618E0-13B1-4088-9DD3-B34E81DF6629}.Debug|Win32.Build.0 = Debug|Win32
		{43F618E0-13B1-4088-9DD3-B34E81DF6629}.Release|Win32.ActiveCfg = Release|Win32
		{43F618E0-13B1-4088-9DD3-B34E81DF6629}.Release|Win32.Build.0 = Release|Win32
		{B4547066-064F-4ADA-A852-01BF11A01933}.Debug|Win32.ActiveCfg = Debug|Win32
		{B4547066-064F-4ADA-A852-01BF11A01933}.Debug|Win32.Build.0 = Debug|Win32
		{B4547066-064F-4ADA-A852-01BF11A01933}.Release|Win32.ActiveCfg = Release|Win32
		{B4547066-064F-4ADA-A852-01BF11A01933}.Release|Win32.Build.0 = Release|Win32
		{263ABB51-41FC-4BDF-A1AF-5117FE3B7253}.Debug|Win32.ActiveCfg = Debug|Win32
		{263ABB51-41FC-4BDF-A1AF-5117FE3B7253}.Debug|Win32.Build.0 = Debug|Win32
		{263ABB51-41FC-4BDF-A1AF-5117FE3B7253}.Release|Win32.ActiveCfg = Release|Win32
		{263ABB51-41FC-4BDF-A1AF-5117FE3B7253}.Release|Win32.Build.0 = Release|Win32
		{09953496-3930-4434-97C6-CCC01F06978E}.Debug|Win32.ActiveCfg = Debug|Win32
		{09953496-3930-4434-97C6-CCC01F06978E}.Debug|Win32.Build.0 = Debug|Win32
		{09953496-3930-4434-97C6-CCC01F06978E}.Release|Win32.ActiveCfg = Release|Win32
		{09953496-3930-4434-97C6-CCC01F06978E}.Release|Win32.Build.0 = Release|Win32
	EndGlobalSection
	GlobalSection(SolutionProperties) = preSolution
		HideSolutionNode = FALSE
	EndGlobalSection
	GlobalSection(NestedProjects) = preSolution
		{A84498E1-51F2-4A08-AD5E-D44456627C8A} = {28E32FA9-7F19-4DBF-B5C0-15B3EF96C6E7}
		{74DD31FC-D8A0-49CB-97F8-322519E7DF71} = {28E32FA9-7F19-4DBF-B5C0-15B3EF96C6E7}
		{D36DFF13-3EFF-4576-8B67-6D1EBC511298} = {DDB1892E-C4B5-4C32-9750-A13804E0A442}
		{133A09D0-9B8F-407D-9982-E0042B98DEFB} = {DDB1892E-C4B5-4C32-9750-A13804E0A442}
		{2624C665-98FE-4910-B60F-D98ECF704041} = {D36DFF13-3EFF-4576-8B67-6D1EBC511298}
		{43F618E0-13B1-4088-9DD3-B34E81DF6629} = {D36DFF13-3EFF-4576-8B67-6D1EBC511298}
		{B4547066-064F-4ADA-A852-01BF11A01933} = {D36DFF13-3EFF-4576-8B67-6D1EBC511298}
		{5A208943-079E-4691-B7BF-3C445DE4BB9F} = {D36DFF13-3EFF-4576-8B67-6D1EBC511298}
		{263ABB51-41FC-4BDF-A1AF-5117FE3B7253} = {133A09D0-9B8F-407D-9982-E0042B98DEFB}
		{09953496-3930-4434-97C6-CCC01F06978E} = {133A09D0-9B8F-407D-9982-E0042B98DEFB}
	EndGlobalSection
EndGlobal
